{
    "_readme": [
        "This file locks the dependencies of your project to a known state",
        "Read more about it at https://getcomposer.org/doc/01-basic-usage.md#installing-dependencies",
        "This file is @generated automatically"
    ],
    "content-hash": "f4bc1dc741eadeaffffebc923071418b",
    "packages": [
        {
            "name": "symfony/polyfill-ctype",
            "version": "v1.31.0",
            "source": {
                "type": "git",
                "url": "https://github.com/symfony/polyfill-ctype.git",
                "reference": "a3cc8b044a6ea513310cbd48ef7333b384945638"
            },
            "dist": {
                "type": "zip",
                "url": "https://api.github.com/repos/symfony/polyfill-ctype/zipball/a3cc8b044a6ea513310cbd48ef7333b384945638",
                "reference": "a3cc8b044a6ea513310cbd48ef7333b384945638",
                "shasum": ""
            },
            "require": {
                "php": ">=7.2"
            },
            "provide": {
                "ext-ctype": "*"
            },
            "suggest": {
                "ext-ctype": "For best performance"
            },
            "type": "library",
            "extra": {
                "thanks": {
                    "name": "symfony/polyfill",
                    "url": "https://github.com/symfony/polyfill"
                }
            },
            "autoload": {
                "files": [
                    "bootstrap.php"
                ],
                "psr-4": {
                    "Symfony\\Polyfill\\Ctype\\": ""
                }
            },
            "notification-url": "https://packagist.org/downloads/",
            "license": [
                "MIT"
            ],
            "authors": [
                {
                    "name": "Gert de Pagter",
                    "email": "BackEndTea@gmail.com"
                },
                {
                    "name": "Symfony Community",
                    "homepage": "https://symfony.com/contributors"
                }
            ],
            "description": "Symfony polyfill for ctype functions",
            "homepage": "https://symfony.com",
            "keywords": [
                "compatibility",
                "ctype",
                "polyfill",
                "portable"
            ],
            "support": {
                "source": "https://github.com/symfony/polyfill-ctype/tree/v1.31.0"
            },
            "funding": [
                {
                    "url": "https://symfony.com/sponsor",
                    "type": "custom"
                },
                {
                    "url": "https://github.com/fabpot",
                    "type": "github"
                },
                {
                    "url": "https://tidelift.com/funding/github/packagist/symfony/symfony",
                    "type": "tidelift"
                }
            ],
            "time": "2024-09-09T11:45:10+00:00"
        },
        {
            "name": "symfony/yaml",
            "version": "v6.2.5",
            "source": {
                "type": "git",
                "url": "https://github.com/symfony/yaml.git",
                "reference": "2bbfbdacc8a15574f8440c4838ce0d7bb6c86b19"
            },
            "dist": {
                "type": "zip",
                "url": "https://api.github.com/repos/symfony/yaml/zipball/2bbfbdacc8a15574f8440c4838ce0d7bb6c86b19",
                "reference": "2bbfbdacc8a15574f8440c4838ce0d7bb6c86b19",
                "shasum": ""
            },
            "require": {
                "php": ">=8.1",
                "symfony/polyfill-ctype": "^1.8"
            },
            "conflict": {
                "symfony/console": "<5.4"
            },
            "require-dev": {
                "symfony/console": "^5.4|^6.0"
            },
            "suggest": {
                "symfony/console": "For validating YAML files using the lint command"
            },
            "bin": [
                "Resources/bin/yaml-lint"
            ],
            "type": "library",
            "autoload": {
                "psr-4": {
                    "Symfony\\Component\\Yaml\\": ""
                },
                "exclude-from-classmap": [
                    "/Tests/"
                ]
            },
            "notification-url": "https://packagist.org/downloads/",
            "license": [
                "MIT"
            ],
            "authors": [
                {
                    "name": "Fabien Potencier",
                    "email": "fabien@symfony.com"
                },
                {
                    "name": "Symfony Community",
                    "homepage": "https://symfony.com/contributors"
                }
            ],
            "description": "Loads and dumps YAML files",
            "homepage": "https://symfony.com",
            "support": {
                "source": "https://github.com/symfony/yaml/tree/v6.2.5"
            },
            "funding": [
                {
                    "url": "https://symfony.com/sponsor",
                    "type": "custom"
                },
                {
                    "url": "https://github.com/fabpot",
                    "type": "github"
                },
                {
                    "url": "https://tidelift.com/funding/github/packagist/symfony/symfony",
                    "type": "tidelift"
                }
            ],
            "time": "2023-01-10T18:53:53+00:00"
        }
    ],
    "packages-dev": [],
    "aliases": [],
    "minimum-stability": "stable",
    "stability-flags": [],
    "prefer-stable": false,
    "prefer-lowest": false,
    "platform": {
        "php": ">=8.1.0",
        "ext-json": "*",
        "ext-mbstring": "*",
        "ext-sodium": "*"
    },
    "platform-dev": [],
    "plugin-api-version": "2.6.0"
}
